PODS:
  - Alamofire (5.4.4)
  - Cosmos (23.0.0)
  - CryptoSwift (1.7.1)
  - IQKeyboardManagerSwift (6.5.12)
  - SQLite.swift (0.14.1):
    - SQLite.swift/standard (= 0.14.1)
  - SQLite.swift/standard (0.14.1)
  - SWXMLHash (6.0.0)
  - Toast-Swift (5.0.1)

DEPENDENCIES:
  - Alamofire (~> 5.4.4)
  - Cosmos (~> 23.0.0)
  - CryptoSwift
  - IQKeyboardManagerSwift (~> 6.5.9)
  - SQLite.swift (~> 0.14.0)
  - SWXMLHash (~> 6.0.0)
  - Toast-Swift (~> 5.0.1)

SPEC REPOS:
  trunk:
    - Alamofire
    - Cosmos
    - CryptoSwift
    - IQKeyboardManagerSwift
    - SQLite.swift
    - SWXMLHash
    - Toast-Swift

SPEC CHECKSUMS:
  Alamofire: f3b09a368f1582ab751b3fff5460276e0d2cf5c9
  Cosmos: b5c6a9a637e28a061b54c8f8b1d8529d7d4db73f
  CryptoSwift: d3d18dc357932f7e6d580689e065cf1f176007c1
  IQKeyboardManagerSwift: 371b08cb39664fb56030f5345c815a4ffc74bbc0
  SQLite.swift: 2992550ebf3c5b268bf4352603e3df87d2a4ed72
  SWXMLHash: 9d851ed3edf48ec2bd0db98f0cda0ad4136d75e3
  Toast-Swift: 9b6a70f28b3bf0b96c40d46c0c4b9d6639846711

PODFILE CHECKSUM: 5d05e1086136971b7aa4628e07ef6850cebabe6a

COCOAPODS: 1.12.1
